version = 1
revision = 3
requires-python = "==3.9.*"
resolution-markers = [
    "platform_machine != 'aarch64' and platform_machine != 'arm64' and sys_platform == 'win32'",
    "platform_machine != 'aarch64' and platform_machine != 'arm64' and sys_platform != 'win32'",
    "platform_machine == 'aarch64' and sys_platform == 'win32'",
    "platform_machine == 'aarch64' and sys_platform != 'win32'",
    "platform_machine == 'arm64' and sys_platform == 'win32'",
    "platform_machine == 'arm64' and sys_platform != 'win32'",
]

[[package]]
name = "annotated-doc"
version = "0.0.5"
source = { registry = "https://pypi.org/simple" }
sdist = { url = "https://files.pythonhosted.org/packages/5a/8e/38aa427ed5402449e226975b649c5dc73ccadfefeb95e6aecb8f8ea4b6b6/annotated_doc-0.0.5.tar.gz", hash = "sha256:c7e58ce09192557605d8bbd92836d7e1d520ac9580096042c0bfd197efacf1bb", size = 10758, upload-time = "2026-07-28T13:50:58.129Z" }
wheels = [
    { url = "https://files.pythonhosted.org/packages/3e/30/e900b21425a860e195f32e37657aa1f7c7f2b1bfb26f03ca209b90933c06/annotated_doc-0.0.5-py3-none-any.whl", hash = "sha256:117bac03a25ede5df5440e855b32d556049ca169ead221505badf432fed4b101", size = 5302, upload-time = "2026-07-28T13:50:57.239Z" },
]

[[package]]
name = "category-encoders"
version = "2.4.0"
source = { registry = "https://pypi.org/simple" }
dependencies = [
    { name = "numpy" },
    { name = "pandas" },
    { name = "patsy" },
    { name = "scikit-learn" },
    { name = "scipy" },
    { name = "statsmodels" },
]
sdist = { url = "https://files.pythonhosted.org/packages/81/3f/3b0b76a3b7735094e02077961cfbcac5142f7b226f2df1a4f69a452c1758/category_encoders-2.4.0.tar.gz", hash = "sha256:ae07ed53b143e511b7c0b7736bc156e60530f46b3e5a91373fb16807582fb222", size = 48870, upload-time = "2022-03-09T20:51:55.199Z" }
wheels = [
    { url = "https://files.pythonhosted.org/packages/c6/8d/3e311afef42e48d226a78b376799507543a5339af8187d79f04d07015ba8/category_encoders-2.4.0-py2.py3-none-any.whl", hash = "sha256:c0e0517123e9a98c738b9924e35ffcdede06d74fd3002d5c9e335b97cb48954a", size = 86647, upload-time = "2022-03-09T20:51:53.392Z" },
]

[[package]]
name = "click"
version = "8.1.8"
source = { registry = "https://pypi.org/simple" }
dependencies = [
    { name = "colorama", marker = "sys_platform == 'win32'" },
]
sdist = { url = "https://files.pythonhosted.org/packages/b9/2e/0090cbf739cee7d23781ad4b89a9894a41538e4fcf4c31dcdd705b78eb8b/click-8.1.8.tar.gz", hash = "sha256:ed53c9d8990d83c2a27deae68e4ee337473f6330c040a31d4225c9574d16096a", size = 226593, upload-time = "2024-12-21T18:38:44.339Z" }
wheels = [
    { url = "https://files.pythonhosted.org/packages/7e/d4/7ebdbd03970677812aac39c869717059dbb71a4cfc033ca6e5221787892c/click-8.1.8-py3-none-any.whl", hash = "sha256:63c132bbbed01578a06712a2d1f497bb62d9c1c0d329b7903a866228027263b2", size = 98188, upload-time = "2024-12-21T18:38:41.666Z" },
]

[[package]]
name = "colorama"
version = "0.4.6"
source = { registry = "https://pypi.org/simple" }
sdist = { url = "https://files.pythonhosted.org/packages/d8/53/6f443c9a4a8358a93a6792e2acffb9d9d5cb0a5cfd8802644b7b1c9a02e4/colorama-0.4.6.tar.gz", hash = "sha256:08695f5cb7ed6e0531a20572697297273c47b8cae5a63ffc6d6ed5c201be6e44", size = 27697, upload-time = "2022-10-25T02:36:22.414Z" }
wheels = [
    { url = "https://files.pythonhosted.org/packages/d1/d6/3965ed04c63042e047cb6a3e6ed1a63a35087b6a609aa3a15ed8ac56c221/colorama-0.4.6-py2.py3-none-any.whl", hash = "sha256:4f1d9991f5acc0ca119f9d443620b77f9d6b33703e51011c16baf57afb285fc6", size = 25335, upload-time = "2022-10-25T02:36:20.889Z" },
]

[[package]]
name = "credit-scoring"
version = "0.0.1"
source = { editable = "." }
dependencies = [
    { name = "category-encoders" },
    { name = "imbalanced-learn" },
    { name = "joblib" },
    { name = "loguru" },
    { name = "numpy" },
    { name = "pandas" },
    { name = "pip" },
    { name = "pytest" },
    { name = "python-dotenv" },
    { name = "ruff" },
    { name = "scikit-learn" },
    { name = "scipy" },
    { name = "tqdm" },
    { name = "typer" },
    { name = "xgboost" },
]

[package.metadata]
requires-dist = [
    { name = "category-encoders", specifier = "==2.4.0" },
    { name = "imbalanced-learn", specifier = "==0.9.0" },
    { name = "joblib", specifier = "==1.1.0" },
    { name = "loguru" },
    { name = "numpy", specifier = "==1.21.5" },
    { name = "pandas", specifier = "==1.4.1" },
    { name = "pip" },
    { name = "pytest" },
    { name = "python-dotenv" },
    { name = "ruff" },
    { name = "scikit-learn", specifier = "==1.0.2" },
    { name = "scipy", specifier = "==1.7.3" },
    { name = "tqdm" },
    { name = "typer" },
    { name = "xgboost", specifier = "==1.5.0" },
]

[[package]]
name = "exceptiongroup"
version = "1.3.1"
source = { registry = "https://pypi.org/simple" }
dependencies = [
    { name = "typing-extensions" },
]
sdist = { url = "https://files.pythonhosted.org/packages/50/79/66800aadf48771f6b62f7eb014e352e5d06856655206165d775e675a02c9/exceptiongroup-1.3.1.tar.gz", hash = "sha256:8b412432c6055b0b7d14c310000ae93352ed6754f70fa8f7c34141f91c4e3219", size = 30371, upload-time = "2025-11-21T23:01:54.787Z" }
wheels = [
    { url = "https://files.pythonhosted.org/packages/8a/0e/97c33bf5009bdbac74fd2beace167cab3f978feb69cc36f1ef79360d6c4e/exceptiongroup-1.3.1-py3-none-any.whl", hash = "sha256:a7a39a3bd276781e98394987d3a5701d0c4edffb633bb7a5144577f82c773598", size = 16740, upload-time = "2025-11-21T23:01:53.443Z" },
]

[[package]]
name = "imbalanced-learn"
version = "0.9.0"
source = { registry = "https://pypi.org/simple" }
dependencies = [
    { name = "joblib" },
    { name = "numpy" },
    { name = "scikit-learn" },
    { name = "scipy" },
    { name = "threadpoolctl" },
]
sdist = { url = "https://files.pythonhosted.org/packages/bf/ba/8b9214319dcab5d6451c91bef87cc053fdcff2d257b44e23d3c64d53c145/imbalanced-learn-0.9.0.tar.gz", hash = "sha256:836a4c137cc3c10310d4f6cd5ec34600ff488d7f8c243a997c3f9b551c91d0b2", size = 346265, upload-time = "2022-01-11T18:10:00.744Z" }
wheels = [
    { url = "https://files.pythonhosted.org/packages/83/92/a4d1f42b29e9f62f9c3fad68d28282a9610a02801e1d89945702f981dd8e/imbalanced_learn-0.9.0-py3-none-any.whl", hash = "sha256:ed2df83f1247b03fbc0362f5ffbf6f8bd76d02a7e0ebfef3be1ead39683ca10d", size = 199119, upload-time = "2022-01-11T18:09:58.196Z" },
]

[[package]]
name = "iniconfig"
version = "2.1.0"
source = { registry = "https://pypi.org/simple" }
sdist = { url = "https://files.pythonhosted.org/packages/f2/97/ebf4da567aa6827c909642694d71c9fcf53e5b504f2d96afea02718862f3/iniconfig-2.1.0.tar.gz", hash = "sha256:3abbd2e30b36733fee78f9c7f7308f2d0050e88f0087fd25c2645f63c773e1c7", size = 4793, upload-time = "2025-03-19T20:09:59.721Z" }
wheels = [
    { url = "https://files.pythonhosted.org/packages/2c/e1/e6716421ea10d38022b952c159d5161ca1193197fb744506875fbb87ea7b/iniconfig-2.1.0-py3-none-any.whl", hash = "sha256:9deba5723312380e77435581c6bf4935c94cbfab9b1ed33ef8d238ea168eb760", size = 6050, upload-time = "2025-03-19T20:10:01.071Z" },
]

[[package]]
name = "joblib"
version = "1.1.0"
source = { registry = "https://pypi.org/simple" }
sdist = { url = "https://files.pythonhosted.org/packages/92/b9/9e3616e7e00c8165fb25175c53444533bdde05f3e974d45d9fcbbe451ee6/joblib-1.1.0.tar.gz", hash = "sha256:4158fcecd13733f8be669be0683b96ebdbbd38d23559f54dca7205aea1bf1e35", size = 2063601, upload-time = "2021-10-07T14:42:45.038Z" }
wheels = [
    { url = "https://files.pythonhosted.org/packages/3e/d5/0163eb0cfa0b673aa4fe1cd3ea9d8a81ea0f32e50807b0c295871e4aab2e/joblib-1.1.0-py2.py3-none-any.whl", hash = "sha256:f21f109b3c7ff9d95f8387f752d0d9c34a02aa2f7060c2135f465da0e5160ff6", size = 306954, upload-time = "2021-10-07T14:42:42.395Z" },
]

[[package]]
name = "loguru"
version = "0.7.3"
source = { registry = "https://pypi.org/simple" }
dependencies = [
    { name = "colorama", marker = "sys_platform == 'win32'" },
    { name = "win32-setctime", marker = "sys_platform == 'win32'" },
]
sdist = { url = "https://files.pythonhosted.org/packages/3a/05/a1dae3dffd1116099471c643b8924f5aa6524411dc6c63fdae648c4f1aca/loguru-0.7.3.tar.gz", hash = "sha256:19480589e77d47b8d85b2c827ad95d49bf31b0dcde16593892eb51dd18706eb6", size = 63559, upload-time = "2024-12-06T11:20:56.608Z" }
wheels = [
    { url = "https://files.pythonhosted.org/packages/0c/29/0348de65b8cc732daa3e33e67806420b2ae89bdce2b04af740289c5c6c8c/loguru-0.7.3-py3-none-any.whl", hash = "sha256:31a33c10c8e1e10422bfd431aeb5d351c7cf7fa671e3c4df004162264b28220c", size = 61595, upload-time = "2024-12-06T11:20:54.538Z" },
]

[[package]]
name = "markdown-it-py"
version = "3.0.0"
source = { registry = "https://pypi.org/simple" }
dependencies = [
    { name = "mdurl" },
]
sdist = { url = "https://files.pythonhosted.org/packages/38/71/3b932df36c1a044d397a1f92d1cf91ee0a503d91e470cbd670aa66b07ed0/markdown-it-py-3.0.0.tar.gz", hash = "sha256:e3f60a94fa066dc52ec76661e37c851cb232d92f9886b15cb560aaada2df8feb", size = 74596, upload-time = "2023-06-03T06:41:14.443Z" }
wheels = [
    { url = "https://files.pythonhosted.org/packages/42/d7/1ec15b46af6af88f19b8e5ffea08fa375d433c998b8a7639e76935c14f1f/markdown_it_py-3.0.0-py3-none-any.whl", hash = "sha256:355216845c60bd96232cd8d8c40e8f9765cc86f46880e43a8fd22dc1a1a8cab1", size = 87528, upload-time = "2023-06-03T06:41:11.019Z" },
]

[[package]]
name = "mdurl"
version = "0.1.2"
source = { registry = "https://pypi.org/simple" }
sdist = { url = "https://files.pythonhosted.org/packages/d6/54/cfe61301667036ec958cb99bd3efefba235e65cdeb9c84d24a8293ba1d90/mdurl-0.1.2.tar.gz", hash = "sha256:bb413d29f5eea38f31dd4754dd7377d4465116fb207585f97bf925588687c1ba", size = 8729, upload-time = "2022-08-14T12:40:10.846Z" }
wheels = [
    { url = "https://files.pythonhosted.org/packages/b3/38/89ba8ad64ae25be8de66a6d463314cf1eb366222074cfda9ee839c56a4b4/mdurl-0.1.2-py3-none-any.whl", hash = "sha256:84008a41e51615a49fc9966191ff91509e3c40b939176e643fd50a5c2196b8f8", size = 9979, upload-time = "2022-08-14T12:40:09.779Z" },
]

[[package]]
name = "numpy"
version = "1.21.5"
source = { registry = "https://pypi.org/simple" }
sdist = { url = "https://files.pythonhosted.org/packages/c2/a8/a924a09492bdfee8c2ec3094d0a13f2799800b4fdc9c890738aeeb12c72e/numpy-1.21.5.zip", hash = "sha256:6a5928bc6241264dce5ed509e66f33676fc97f464e7a919edc672fb5532221ee", size = 10652289, upload-time = "2021-12-20T00:48:55.951Z" }
wheels = [
    { url = "https://files.pythonhosted.org/packages/13/16/268e725e895cbb1c9c06bd9ae03eb01cc6e3d876d958b264a6c3042ad8ce/numpy-1.21.5-cp39-cp39-macosx_10_9_universal2.whl", hash = "sha256:507c05c7a37b3683eb08a3ff993bd1ee1e6c752f77c2f275260533b265ecdb6c", size = 27202666, upload-time = "2021-12-20T00:38:42.142Z" },
    { url = "https://files.pythonhosted.org/packages/51/e3/231e70770312ae79fae0ea1d5be42c1ad656dc8f6e4d9bffd5b7e40927fa/numpy-1.21.5-cp39-cp39-macosx_10_9_x86_64.whl", hash = "sha256:00c9fa73a6989895b8815d98300a20ac993c49ac36c8277e8ffeaa3631c0dbbb", size = 16965472, upload-time = "2021-12-20T00:39:57.418Z" },
    { url = "https://files.pythonhosted.org/packages/23/15/947caaf68f10166843ad1dbcc8097522f3b1a6d986ff4a4d0063bb369d3a/numpy-1.21.5-cp39-cp39-macosx_11_0_arm64.whl", hash = "sha256:69a5a8d71c308d7ef33ef72371c2388a90e3495dbb7993430e674006f94797d5", size = 12364571, upload-time = "2021-12-20T00:40:53.439Z" },
    { url = "https://files.pythonhosted.org/packages/6c/bd/46a9fe05e8dd7b4e73b204707124ed847b9eaa8fe66f4dd70ed11ac42440/numpy-1.21.5-cp39-cp39-manylinux_2_12_i686.manylinux2010_i686.whl", hash = "sha256:2d8adfca843bc46ac199a4645233f13abf2011a0b2f4affc5c37cd552626f27b", size = 13721823, upload-time = "2021-12-20T00:42:09.9Z" },
    { url = "https://files.pythonhosted.org/packages/f8/cc/038b8277fe977ae1f18d11660386af6093547d6c0bd9a9fadbed4795091a/numpy-1.21.5-cp39-cp39-manylinux_2_12_x86_64.manylinux2010_x86_64.whl", hash = "sha256:c293d3c0321996cd8ffe84215ffe5d269fd9d1d12c6f4ffe2b597a7c30d3e593", size = 15734258, upload-time = "2021-12-20T00:43:27.743Z" },
    { url = "https://files.pythonhosted.org/packages/1a/2e/cb80429942b6170712a0b4a267e0f1b3636a801957d40bf3c0840ba5f8ee/numpy-1.21.5-cp39-cp39-manylinux_2_17_aarch64.manylinux2014_aarch64.whl", hash = "sha256:3c978544be9e04ed12016dd295a74283773149b48f507d69b36f91aa90a643e5", size = 13020822, upload-time = "2021-12-20T00:44:47.602Z" },
    { url = "https://files.pythonhosted.org/packages/e9/5c/020b8ba1b46dd01f814864ccb6d885e325a237a187c916c1d3ebac00e953/numpy-1.21.5-cp39-cp39-win32.whl", hash = "sha256:2a9add27d7fc0fdb572abc3b2486eb3b1395da71e0254c5552b2aad2a18b5441", size = 11701219, upload-time = "2021-12-20T00:45:47.086Z" },
    { url = "https://files.pythonhosted.org/packages/af/df/fe31e3518f7f6a90a387a2f643344a8cde8cbf84767a5a9a404ff2638dcd/numpy-1.21.5-cp39-cp39-win_amd64.whl", hash = "sha256:1964db2d4a00348b7a60ee9d013c8cb0c566644a589eaa80995126eac3b99ced", size = 14016012, upload-time = "2021-12-20T00:46:50.767Z" },
]

[[package]]
name = "packaging"
version = "26.3"
source = { registry = "https://pypi.org/simple" }
sdist = { url = "https://files.pythonhosted.org/packages/7d/fa/3944b40b07da9ce895c0e6303a5ab7d53da063554f534556b134a54d6093/packaging-26.3.tar.gz", hash = "sha256:94edc256424af38762eb31306eed28beb9f0efc50a8837492c9d6fd6004aed79", size = 313412, upload-time = "2026-08-04T18:15:28.737Z" }
wheels = [
    { url = "https://files.pythonhosted.org/packages/63/34/ba1c580383c9eada3711951fef0795c80b829a078d72188184bcab9dd527/packaging-26.3-py3-none-any.whl", hash = "sha256:d7193f7c8e4e93f444fde0262bf90af30e16fa0ad0ad44cb553c87339b23cd1c", size = 129956, upload-time = "2026-08-04T18:15:27.159Z" },
]

[[package]]
name = "pandas"
version = "1.4.1"
source = { registry = "https://pypi.org/simple" }
dependencies = [
    { name = "numpy" },
    { name = "python-dateutil" },
    { name = "pytz" },
]
sdist = { url = "https://files.pythonhosted.org/packages/c4/eb/cfa96ba42695b3c28d4864a796d492f188471dd536df7e5e5e0c54b629a6/pandas-1.4.1.tar.gz", hash = "sha256:8db93ec98ac7cb5f8ac1420c10f5e3c43533153f253fe7fb6d891cf5aa2b80d2", size = 4941369, upload-time = "2022-02-12T11:25:08.392Z" }
wheels = [
    { url = "https://files.pythonhosted.org/packages/2e/0e/b3969274544fc653a269874ed589dc3b5a7a9820916245f48fff51e27c8a/pandas-1.4.1-cp39-cp39-macosx_10_9_universal2.whl", hash = "sha256:f02e85e6d832be37d7f16cf6ac8bb26b519ace3e5f3235564a91c7f658ab2a43", size = 17840183, upload-time = "2022-02-12T11:23:53.593Z" },
    { url = "https://files.pythonhosted.org/packages/ad/65/870f1e6c916528430153b99e2bcaca5e6938c2ac884e46b2577c011cb855/pandas-1.4.1-cp39-cp39-macosx_10_9_x86_64.whl", hash = "sha256:0b1a13f647e4209ed7dbb5da3497891d0045da9785327530ab696417ef478f84", size = 11496623, upload-time = "2022-02-12T11:24:05.076Z" },
    { url = "https://files.pythonhosted.org/packages/e4/51/6d8677c992da6db7216f2a9e1c7c362fd1d5675d2dc3d43d5c1c7c63aa3a/pandas-1.4.1-cp39-cp39-macosx_11_0_arm64.whl", hash = "sha256:19f7c632436b1b4f84615c3b127bbd7bc603db95e3d4332ed259dc815c9aaa26", size = 10462930, upload-time = "2022-02-12T11:24:15.639Z" },
    { url = "https://files.pythonhosted.org/packages/8a/6d/61f1db0dca7f4d68c15f0b1979b5db57a98e66d27bffa94fa658af28aa91/pandas-1.4.1-cp39-cp39-manylinux_2_17_aarch64.manylinux2014_aarch64.whl", hash = "sha256:7ea47ba1d6f359680130bd29af497333be6110de8f4c35b9211eec5a5a9630fa", size = 11020314, upload-time = "2022-02-12T11:24:27.959Z" },
    { url = "https://files.pythonhosted.org/packages/8e/2f/192279e11738420be0fe0907d8751181f77c28ca59b6c29fac1f0d34e2e3/pandas-1.4.1-cp39-cp39-manylinux_2_17_x86_64.manylinux2014_x86_64.whl", hash = "sha256:2e5a7a1e0ecaac652326af627a3eca84886da9e667d68286866d4e33f6547caf", size = 11688096, upload-time = "2022-02-12T11:24:42.186Z" },
    { url = "https://files.pythonhosted.org/packages/e1/5a/3a368c7728a055832bcdbc254f77cde0163550c06209acba155f224c6016/pandas-1.4.1-cp39-cp39-win32.whl", hash = "sha256:1d85d5f6be66dfd6d1d8d13b9535e342a2214260f1852654b19fa4d7b8d1218b", size = 9371539, upload-time = "2022-02-12T11:24:51.246Z" },
    { url = "https://files.pythonhosted.org/packages/3b/81/73396f8b40cb02887116af3b45f34c6a3a434682a1026686ad48d51900eb/pandas-1.4.1-cp39-cp39-win_amd64.whl", hash = "sha256:3129a35d9dad1d80c234dd78f8f03141b914395d23f97cf92a366dcd19f8f8bf", size = 10545052, upload-time = "2022-02-12T11:25:01.865Z" },
]

[[package]]
name = "patsy"
version = "1.0.3"
source = { registry = "https://pypi.org/simple" }
dependencies = [
    { name = "numpy" },
    { name = "packaging" },
]
sdist = { url = "https://files.pythonhosted.org/packages/08/e3/950e513affdfe1c1864397b4f40d6ed06ec1b54f608e462c27f151dd72df/patsy-1.0.3.tar.gz", hash = "sha256:79ebf4c93ff4d296e58a9d5be2b2ee31bd49d737cf11d70ffbd8a44b2de42e65", size = 399992, upload-time = "2026-08-29T21:35:32.258Z" }
wheels = [
    { url = "https://files.pythonhosted.org/packages/20/70/cd3cf5cff538323076a879edef02cce6f13f7d75e03d12f211b0a0dbd178/patsy-1.0.3-py2.py3-none-any.whl", hash = "sha256:d3dbebe8fd5f46e29912d030b63c6268647b59bf788a99e2af28a30234cf357c", size = 233318, upload-time = "2026-08-29T21:35:30.913Z" },
]

[[package]]
name = "pip"
version = "26.0.1"
source = { registry = "https://pypi.org/simple" }
sdist = { url = "https://files.pythonhosted.org/packages/48/83/0d7d4e9efe3344b8e2fe25d93be44f64b65364d3c8d7bc6dc90198d5422e/pip-26.0.1.tar.gz", hash = "sha256:c4037d8a277c89b320abe636d59f91e6d0922d08a05b60e85e53b296613346d8", size = 1812747, upload-time = "2026-02-05T02:20:18.702Z" }
wheels = [
    { url = "https://files.pythonhosted.org/packages/de/f0/c81e05b613866b76d2d1066490adf1a3dbc4ee9d9c839961c3fc8a6997af/pip-26.0.1-py3-none-any.whl", hash = "sha256:bdb1b08f4274833d62c1aa29e20907365a2ceb950410df15fc9521bad440122b", size = 1787723, upload-time = "2026-02-05T02:20:16.416Z" },
]

[[package]]
name = "pluggy"
version = "1.6.0"
source = { registry = "https://pypi.org/simple" }
sdist = { url = "https://files.pythonhosted.org/packages/f9/e2/3e91f31a7d2b083fe6ef3fa267035b518369d9511ffab804f839851d2779/pluggy-1.6.0.tar.gz", hash = "sha256:7dcc130b76258d33b90f61b658791dede3486c3e6bfb003ee5c9bfb396dd22f3", size = 69412, upload-time = "2025-05-15T12:30:07.975Z" }
wheels = [
    { url = "https://files.pythonhosted.org/packages/54/20/4d324d65cc6d9205fabedc306948156824eb9f0ee1633355a8f7ec5c66bf/pluggy-1.6.0-py3-none-any.whl", hash = "sha256:e920276dd6813095e9377c0bc5566d94c932c33b27a3e3945d8389c374dd4746", size = 20538, upload-time = "2025-05-15T12:30:06.134Z" },
]

[[package]]
name = "pygments"
version = "2.21.0"
source = { registry = "https://pypi.org/simple" }
sdist = { url = "https://files.pythonhosted.org/packages/49/2e/ced460408999b33da6b31b0021b0f37d329e202d4169aeb164493778f25b/pygments-2.21.0.tar.gz", hash = "sha256:610ca751c9bc2492b38eb9a38a7fbc93edbbb2d7182edaf34e66ae493dee5c8c", size = 5005329, upload-time = "2026-08-17T08:02:48.824Z" }
wheels = [
    { url = "https://files.pythonhosted.org/packages/71/46/17f022dd3e953bf20a04a028a21ec746d942f8d2af30fa0f124fa0e6a684/pygments-2.21.0-py3-none-any.whl", hash = "sha256:2363c69b61c4a97c838da3b130dcd6468f4848992b21a82f2a63ec34377137d9", size = 1250147, upload-time = "2026-08-17T08:02:44.912Z" },
]

[[package]]
name = "pytest"
version = "8.4.2"
source = { registry = "https://pypi.org/simple" }
dependencies = [
    { name = "colorama", marker = "sys_platform == 'win32'" },
    { name = "exceptiongroup" },
    { name = "iniconfig" },
    { name = "packaging" },
    { name = "pluggy" },
    { name = "pygments" },
    { name = "tomli" },
]
sdist = { url = "https://files.pythonhosted.org/packages/a3/5c/00a0e072241553e1a7496d638deababa67c5058571567b92a7eaa258397c/pytest-8.4.2.tar.gz", hash = "sha256:86c0d0b93306b961d58d62a4db4879f27fe25513d4b969df351abdddb3c30e01", size = 1519618, upload-time = "2025-09-04T14:34:22.711Z" }
wheels = [
    { url = "https://files.pythonhosted.org/packages/a8/a4/20da314d277121d6534b3a980b29035dcd51e6744bd79075a6ce8fa4eb8d/pytest-8.4.2-py3-none-any.whl", hash = "sha256:872f880de3fc3a5bdc88a11b39c9710c3497a547cfa9320bc3c5e62fbf272e79", size = 365750, upload-time = "2025-09-04T14:34:20.226Z" },
]

[[package]]
name = "python-dateutil"
version = "2.9.0.post0"
source = { registry = "https://pypi.org/simple" }
dependencies = [
    { name = "six" },
]
sdist = { url = "https://files.pythonhosted.org/packages/66/c0/0c8b6ad9f17a802ee498c46e004a0eb49bc148f2fd230864601a86dcf6db/python-dateutil-2.9.0.post0.tar.gz", hash = "sha256:37dd54208da7e1cd875388217d5e00ebd4179249f90fb72437e91a35459a0ad3", size = 342432, upload-time = "2024-03-01T18:36:20.211Z" }
wheels = [
    { url = "https://files.pythonhosted.org/packages/ec/57/56b9bcc3c9c6a792fcbaf139543cee77261f3651ca9da0c93f5c1221264b/python_dateutil-2.9.0.post0-py2.py3-none-any.whl", hash = "sha256:a8b2bc7bffae282281c8140a97d3aa9c14da0b136dfe83f850eea9a5f7470427", size = 229892, upload-time = "2024-03-01T18:36:18.57Z" },
]

[[package]]
name = "python-dotenv"
version = "1.2.1"
source = { registry = "https://pypi.org/simple" }
sdist = { url = "https://files.pythonhosted.org/packages/f0/26/19cadc79a718c5edbec86fd4919a6b6d3f681039a2f6d66d14be94e75fb9/python_dotenv-1.2.1.tar.gz", hash = "sha256:42667e897e16ab0d66954af0e60a9caa94f0fd4ecf3aaf6d2d260eec1aa36ad6", size = 44221, upload-time = "2025-10-26T15:12:10.434Z" }
wheels = [
    { url = "https://files.pythonhosted.org/packages/14/1b/a298b06749107c305e1fe0f814c6c74aea7b2f1e10989cb30f544a1b3253/python_dotenv-1.2.1-py3-none-any.whl", hash = "sha256:b81ee9561e9ca4004139c6cbba3a238c32b03e4894671e181b671e8cb8425d61", size = 21230, upload-time = "2025-10-26T15:12:09.109Z" },
]

[[package]]
name = "pytz"
version = "2026.3.post1"
source = { registry = "https://pypi.org/simple" }
sdist = { url = "https://files.pythonhosted.org/packages/fb/48/fb042503b6ca6cd271261dc559fd6432f7d8c713153e9ec5c591af4dfc1c/pytz-2026.3.post1.tar.gz", hash = "sha256:2211d3fcf9a797d3405cac96ac7f61d80e6a644f72a3309607282fe8a2010c5d", size = 319745, upload-time = "2026-07-25T15:12:07.385Z" }
wheels = [
    { url = "https://files.pythonhosted.org/packages/0f/7b/39c34ca613b0b198cb866466651b26b045e2009864c5183c979a3b83f383/pytz-2026.3.post1-py2.py3-none-any.whl", hash = "sha256:dd95840dd199baea12d9cc096a1d452caa6596a1c1e4b5f3dbd1541855d5e815", size = 508283, upload-time = "2026-07-25T15:12:05.782Z" },
]

[[package]]
name = "rich"
version = "15.0.0"
source = { registry = "https://pypi.org/simple" }
dependencies = [
    { name = "markdown-it-py" },
    { name = "pygments" },
]
sdist = { url = "https://files.pythonhosted.org/packages/c0/8f/0722ca900cc807c13a6a0c696dacf35430f72e0ec571c4275d2371fca3e9/rich-15.0.0.tar.gz", hash = "sha256:edd07a4824c6b40189fb7ac9bc4c52536e9780fbbfbddf6f1e2502c31b068c36", size = 230680, upload-time = "2026-04-12T08:24:00.75Z" }
wheels = [
    { url = "https://files.pythonhosted.org/packages/82/3b/64d4899d73f91ba49a8c18a8ff3f0ea8f1c1d75481760df8c68ef5235bf5/rich-15.0.0-py3-none-any.whl", hash = "sha256:33bd4ef74232fb73fe9279a257718407f169c09b78a87ad3d296f548e27de0bb", size = 310654, upload-time = "2026-04-12T08:24:02.83Z" },
]

[[package]]
name = "ruff"
version = "0.16.6"
source = { registry = "https://pypi.org/simple" }
sdist = { url = "https://files.pythonhosted.org/packages/a4/7c/6adb35d70e7c027e308274557901c7e00fb3407750faf3620c184ae058cb/ruff-0.16.6.tar.gz", hash = "sha256:dcf8a73d2ff77e99dde91244b4da16feba7f14e6beeb4015dee7c5a909e99050", size = 4921251, upload-time = "2026-09-03T16:57:29.037Z" }
wheels = [
    { url = "https://files.pythonhosted.org/packages/a4/28/9cc1b79639e284ec103f43c88c644db4eb58cbd0ea1ca11f1193435369ac/ruff-0.16.6-py3-none-linux_armv6l.whl", hash = "sha256:61c368c26bf8e973e5ab14a2772de587bc068ea3f9a277f673380749b4898fb8", size = 10015638, upload-time = "2026-09-03T16:56:40.986Z" },
    { url = "https://files.pythonhosted.org/packages/71/11/627d342ef727ea7794edf74fe23d60a074b02c3acc2e9436684e782286ca/ruff-0.16.6-py3-none-macosx_10_12_x86_64.whl", hash = "sha256:ecf4f068e2e123e43a26e9db4e19524cc56563912404e83bbfca375757e45a32", size = 10220762, upload-time = "2026-09-03T16:56:44.681Z" },
    { url = "https://files.pythonhosted.org/packages/43/d9/b75668ce41e4c8d073d18d6d08672ba6906ce45d5c06ea4fdb2e84ce3853/ruff-0.16.6-py3-none-macosx_11_0_arm64.whl", hash = "sha256:99b62ea33baf130f50368798d841f0d95527b6d817bf31817b65dd058f1d314c", size = 9835082, upload-time = "2026-09-03T16:56:47.142Z" },
    { url = "https://files.pythonhosted.org/packages/99/97/123ab10b05cde889c107c20f5a9774955104b5552796a2a8584b089ae8eb/ruff-0.16.6-py3-none-manylinux_2_17_aarch64.manylinux2014_aarch64.whl", hash = "sha256:7fbf89013f2bb3f6835a6038ff658dc8a1b38c98dc8e724b964168ad4e881876", size = 9949304, upload-time = "2026-09-03T16:56:49.813Z" },
    { url = "https://files.pythonhosted.org/packages/3e/58/a4a2c59dd2e5b85929c912d9cac3056eb9ee8c7e75e9b9fe3e109174966b/ruff-0.16.6-py3-none-manylinux_2_17_armv7l.manylinux2014_armv7l.whl", hash = "sha256:56a67065e22efa6bc4d498299d3bb06c0c90aace8fac2068b5a12f9dc4d8d51d", size = 9840612, upload-time = "2026-09-03T16:56:52.368Z" },
    { url = "https://files.pythonhosted.org/packages/61/6a/ff8c8626a786c4f49d48ced4a752dadbca65f5263005f9c2416578194694/ruff-0.16.6-py3-none-manylinux_2_17_i686.manylinux2014_i686.whl", hash = "sha256:e25cc89174874b176a157e4428d66761c2c0c006654419bf384f967f361ff1b1", size = 10543465, upload-time = "2026-09-03T16:56:55.089Z" },
    { url = "https://files.pythonhosted.org/packages/ad/bb/c47535923365f337b82e28192e4e9eef2176511007cfd99a62fc22df5dad/ruff-0.16.6-py3-none-manylinux_2_17_ppc64le.manylinux2014_ppc64le.whl", hash = "sha256:0700580ed5303723cb3c11c2f1d2a8913ce77b7ea86646dddb887f5417a9ba70", size = 11267576, upload-time = "2026-09-03T16:56:57.791Z" },
    { url = "https://files.pythonhosted.org/packages/ba/50/e5119a5212b5cd63b51e1f4b25e7bd636a6668fc069a3160b108ad7e3c16/ruff-0.16.6-py3-none-manylinux_2_17_s390x.manylinux2014_s390x.whl", hash = "sha256:15f1d0b6e165a6e56567befb6629f8209271311d990bae0f37e6d065035ef5f3", size = 10781993, upload-time = "2026-09-03T16:57:00.666Z" },
    { url = "https://files.pythonhosted.org/packages/8b/98/083d8b4ef3c51a0d19db84367791cbe9f44e4b53343d19dfa83556e1cd9a/ruff-0.16.6-py3-none-manylinux_2_17_x86_64.manylinux2014_x86_64.whl", hash = "sha256:d72c591a96986ee4268860e2b7235082129ca5e4cb9cbba653a4b57c11893757", size = 10317748, upload-time = "2026-09-03T16:57:03.428Z" },
    { url = "https://files.pythonhosted.org/packages/9a/29/68f7ff2c5ad95f19f00627ac2de95644e25fe47371ea60b2db1fd952315e/ruff-0.16.6-py3-none-manylinux_2_31_riscv64.whl", hash = "sha256:65a006baa18f33324325814c864daef03541d51564b98c517610ea756ab7003e", size = 10540096, upload-time = "2026-09-03T16:57:06.182Z" },
    { url = "https://files.pythonhosted.org/packages/c4/f9/79a8f6de85968641d68a7863aeec577551924ef066a990a48ff93167beab/ruff-0.16.6-py3-none-musllinux_1_2_aarch64.whl", hash = "sha256:cd02a7bf1a21a8735228a3e8c95a9dc5cf86bd2a52194f4aaae2a5755b4de0f4", size = 10100494, upload-time = "2026-09-03T16:57:09.194Z" },
    { url = "https://files.pythonhosted.org/packages/d9/e8/b81a22d9b90c00b892ccf2fa2ac36fa95de4c13ab85aea3e73795cfe4651/ruff-0.16.6-py3-none-musllinux_1_2_armv7l.whl", hash = "sha256:31b36f1e5ad85e0737f09d2be4e512e2e283583c14015da3b9dc07359ac0fc88", size = 9843663, upload-time = "2026-09-03T16:57:12.168Z" },
    { url = "https://files.pythonhosted.org/packages/39/aa/54f516ec5e5a11c4afdceb1c454ebb054ffb96e4f4a1705580b4346abd35/ruff-0.16.6-py3-none-musllinux_1_2_i686.whl", hash = "sha256:61029b4ab4aa723fd3064fab96b1d814492596bf0c792679fffcbde1e1679953", size = 10282461, upload-time = "2026-09-03T16:57:15.077Z" },
    { url = "https://files.pythonhosted.org/packages/52/0b/38d0aa8aa32372b96dc44f97b22e576c4147808271aab7b2cb1e353d4445/ruff-0.16.6-py3-none-musllinux_1_2_x86_64.whl", hash = "sha256:9ac8998457832c2061709d900856b7ad271dace0cb41f346588d540162bfa718", size = 10728808, upload-time = "2026-09-03T16:57:17.797Z" },
    { url = "https://files.pythonhosted.org/packages/5e/e5/9e274e24eeb027640ffc7442f21239f16d17f47acec15ae34f32e03a5c79/ruff-0.16.6-py3-none-win32.whl", hash = "sha256:0b87d9d16fcb63e8018423ca1d50b7260f15cb2da33e30db4baad4183a948c25", size = 10049212, upload-time = "2026-09-03T16:57:20.55Z" },
    { url = "https://files.pythonhosted.org/packages/22/31/72472449414223ed1a2da236b992adbb1a2ae59e34794574810f60ce068e/ruff-0.16.6-py3-none-win_amd64.whl", hash = "sha256:10d21c51c3495d8eaea7b703a16592117ea6eb1d649e36335aa965ff1173eb39", size = 10556402, upload-time = "2026-09-03T16:57:23.501Z" },
    { url = "https://files.pythonhosted.org/packages/fc/07/d781f8f8e1ac24bef9f3269cf62ffb1407ca24c3a8f12e5e22874f90528c/ruff-0.16.6-py3-none-win_arm64.whl", hash = "sha256:7a976c79b958f94e50a022a19f0f8c87387448020935ec14fc74331bd0a7f2c5", size = 10412850, upload-time = "2026-09-03T16:57:26.416Z" },
]

[[package]]
name = "scikit-learn"
version = "1.0.2"
source = { registry = "https://pypi.org/simple" }
dependencies = [
    { name = "joblib" },
    { name = "numpy" },
    { name = "scipy" },
    { name = "threadpoolctl" },
]
sdist = { url = "https://files.pythonhosted.org/packages/75/44/074b780d8ac0b0899937e9b8ba6d5d8873a71b99aa915219251ef85a8890/scikit-learn-1.0.2.tar.gz", hash = "sha256:b5870959a5484b614f26d31ca4c17524b1b0317522199dc985c3b4256e030767", size = 6716208, upload-time = "2021-12-25T20:31:42.2Z" }
wheels = [
    { url = "https://files.pythonhosted.org/packages/aa/67/b29f1c3675de3d687929fdd3497b2c9546410f4d50ea46e80d52deb1545a/scikit_learn-1.0.2-cp39-cp39-macosx_10_13_x86_64.whl", hash = "sha256:a90b60048f9ffdd962d2ad2fb16367a87ac34d76e02550968719eb7b5716fd10", size = 7957053, upload-time = "2021-12-25T20:31:16.215Z" },
    { url = "https://files.pythonhosted.org/packages/1e/7b/0d63d1481e40939b7f25107d606c974d15b42c22d40fb842679b91e19741/scikit_learn-1.0.2-cp39-cp39-macosx_12_0_arm64.whl", hash = "sha256:7a93c1292799620df90348800d5ac06f3794c1316ca247525fa31169f6d25855", size = 6923428, upload-time = "2021-12-25T20:31:18.226Z" },
    { url = "https://files.pythonhosted.org/packages/bf/27/ce590fc9dfdb8f045baeac6149a83d828dc27712e0908b3cdebbbfb31a91/scikit_learn-1.0.2-cp39-cp39-manylinux_2_12_i686.manylinux2010_i686.whl", hash = "sha256:eabceab574f471de0b0eb3f2ecf2eee9f10b3106570481d007ed1c84ebf6d6a1", size = 23371415, upload-time = "2021-12-25T20:31:21.556Z" },
    { url = "https://files.pythonhosted.org/packages/39/41/f10366339f9ecf2c2859ce937d47dae6ab38e354065e361a20ec94501a47/scikit_learn-1.0.2-cp39-cp39-manylinux_2_12_x86_64.manylinux2010_x86_64.whl", hash = "sha256:55f2f3a8414e14fbee03782f9fe16cca0f141d639d2b1c1a36779fa069e1db57", size = 24547479, upload-time = "2021-12-25T20:31:24.819Z" },
    { url = "https://files.pythonhosted.org/packages/59/5d/f2a0ad9f04389b754c59fb48cf11d015438ac145f87a1b5a5f4d9e77bb70/scikit_learn-1.0.2-cp39-cp39-manylinux_2_17_aarch64.manylinux2014_aarch64.whl", hash = "sha256:80095a1e4b93bd33261ef03b9bc86d6db649f988ea4dbcf7110d0cded8d7213d", size = 26153322, upload-time = "2021-12-25T20:31:28.044Z" },
    { url = "https://files.pythonhosted.org/packages/24/2d/faba6fccb41b1d0eae2055a440c6ccd8091388e7c43a08ecb3803a760ac3/scikit_learn-1.0.2-cp39-cp39-manylinux_2_17_i686.manylinux2014_i686.whl", hash = "sha256:fa38a1b9b38ae1fad2863eff5e0d69608567453fdfc850c992e6e47eb764e846", size = 25400962, upload-time = "2021-12-25T20:31:31.656Z" },
    { url = "https://files.pythonhosted.org/packages/57/aa/483fbe6b5314bce2d49801e6cec1f2139a9c220d0d51494788fff47233b3/scikit_learn-1.0.2-cp39-cp39-manylinux_2_17_x86_64.manylinux2014_x86_64.whl", hash = "sha256:ff746a69ff2ef25f62b36338c615dd15954ddc3ab8e73530237dd73235e76d62", size = 26445231, upload-time = "2021-12-25T20:31:35.218Z" },
    { url = "https://files.pythonhosted.org/packages/ae/d7/c9242c9f44fecb6933840ec7dea7716e3323208010924fd84764b620aa94/scikit_learn-1.0.2-cp39-cp39-win32.whl", hash = "sha256:e174242caecb11e4abf169342641778f68e1bfaba80cd18acd6bc84286b9a534", size = 6419436, upload-time = "2021-12-25T20:31:37.629Z" },
    { url = "https://files.pythonhosted.org/packages/0b/5f/f9a191519f6daf2c268256511c38e0cf638ff8e308bcadaf96a69e3e85af/scikit_learn-1.0.2-cp39-cp39-win_amd64.whl", hash = "sha256:b54a62c6e318ddbfa7d22c383466d38d2ee770ebdb5ddb668d56a099f6eaf75f", size = 7176831, upload-time = "2021-12-25T20:31:40.232Z" },
]

[[package]]
name = "scipy"
version = "1.7.3"
source = { registry = "https://pypi.org/simple" }
dependencies = [
    { name = "numpy" },
]
sdist = { url = "https://files.pythonhosted.org/packages/61/67/1a654b96309c991762ee9bc39c363fc618076b155fe52d295211cf2536c7/scipy-1.7.3.tar.gz", hash = "sha256:ab5875facfdef77e0a47d5fd39ea178b58e60e454a4c85aa1e52fcb80db7babf", size = 36102562, upload-time = "2021-11-24T16:14:11.065Z" }
wheels = [
    { url = "https://files.pythonhosted.org/packages/f9/7a/e872395711a1d5a571751153d5e4f81f316716ce50563dc263d365ce9251/scipy-1.7.3-1-cp39-cp39-macosx_12_0_arm64.whl", hash = "sha256:b78a35c5c74d336f42f44106174b9851c783184a85a3fe3e68857259b37b9ffb", size = 27026279, upload-time = "2021-11-29T02:34:41.522Z" },
    { url = "https://files.pythonhosted.org/packages/40/d4/5fb5b45921595537d62018e7683a814001801cb9bfd3d9e1519e247c9f51/scipy-1.7.3-cp39-cp39-macosx_10_9_x86_64.whl", hash = "sha256:eef93a446114ac0193a7b714ce67659db80caf940f3232bad63f4c7a81bc18df", size = 33185551, upload-time = "2021-11-24T16:09:01.044Z" },
    { url = "https://files.pythonhosted.org/packages/42/99/df116d635aac9c33598ff800d61a48e0a62f2f5040381baa0e100a34674e/scipy-1.7.3-cp39-cp39-macosx_12_0_arm64.whl", hash = "sha256:eb326658f9b73c07081300daba90a8746543b5ea177184daed26528273157294", size = 27024899, upload-time = "2021-11-24T16:09:05.383Z" },
    { url = "https://files.pythonhosted.org/packages/8d/95/91a97cfd4fd4cae1b987cb1eef2a19988d9fe6ed888ccebc930fa09ca07d/scipy-1.7.3-cp39-cp39-manylinux_2_12_i686.manylinux2010_i686.whl", hash = "sha256:93378f3d14fff07572392ce6a6a2ceb3a1f237733bd6dcb9eb6a2b29b0d19085", size = 34528657, upload-time = "2021-11-24T16:09:11.068Z" },
    { url = "https://files.pythonhosted.org/packages/e8/5f/0225a279d4bd94747651334a1c5c5a73653f32c5b901a07f69fa19196982/scipy-1.7.3-cp39-cp39-manylinux_2_17_aarch64.manylinux2014_aarch64.whl", hash = "sha256:edad1cf5b2ce1912c4d8ddad20e11d333165552aba262c882e28c78bbc09dbf6", size = 36613337, upload-time = "2021-11-24T16:09:16.576Z" },
    { url = "https://files.pythonhosted.org/packages/ab/66/407b91025b5243f048e3a8498d2d427c97a3eb05313022cece2783ccbd80/scipy-1.7.3-cp39-cp39-manylinux_2_17_x86_64.manylinux2014_x86_64.whl", hash = "sha256:5d1cc2c19afe3b5a546ede7e6a44ce1ff52e443d12b231823268019f608b9b12", size = 39798922, upload-time = "2021-11-24T16:09:20.798Z" },
    { url = "https://files.pythonhosted.org/packages/89/16/d8025f3505c27aff45ea27a1613adf2db8b633fee284ab97cda6448de50e/scipy-1.7.3-cp39-cp39-win32.whl", hash = "sha256:2c56b820d304dffcadbbb6cbfbc2e2c79ee46ea291db17e288e73cd3c64fefa9", size = 30782990, upload-time = "2021-11-24T16:09:24.737Z" },
    { url = "https://files.pythonhosted.org/packages/29/25/e0eda0ef1ed93f5254078937062e08f9eb3b78220dd3564790569e98c45c/scipy-1.7.3-cp39-cp39-win_amd64.whl", hash = "sha256:3f78181a153fa21c018d346f595edd648344751d7f03ab94b398be2ad083ed3e", size = 34273586, upload-time = "2021-11-24T16:09:28.619Z" },
]

[[package]]
name = "shellingham"
version = "1.5.4"
source = { registry = "https://pypi.org/simple" }
sdist = { url = "https://files.pythonhosted.org/packages/58/15/8b3609fd3830ef7b27b655beb4b4e9c62313a4e8da8c676e142cc210d58e/shellingham-1.5.4.tar.gz", hash = "sha256:8dbca0739d487e5bd35ab3ca4b36e11c4078f3a234bfce294b0a0291363404de", size = 10310, upload-time = "2023-10-24T04:13:40.426Z" }
wheels = [
    { url = "https://files.pythonhosted.org/packages/e0/f9/0595336914c5619e5f28a1fb793285925a8cd4b432c9da0a987836c7f822/shellingham-1.5.4-py2.py3-none-any.whl", hash = "sha256:7ecfff8f2fd72616f7481040475a65b2bf8af90a56c89140852d1120324e8686", size = 9755, upload-time = "2023-10-24T04:13:38.866Z" },
]

[[package]]
name = "six"
version = "1.17.0"
source = { registry = "https://pypi.org/simple" }
sdist = { url = "https://files.pythonhosted.org/packages/94/e7/b2c673351809dca68a0e064b6af791aa332cf192da575fd474ed7d6f16a2/six-1.17.0.tar.gz", hash = "sha256:ff70335d468e7eb6ec65b95b99d3a2836546063f63acc5171de367e834932a81", size = 34031, upload-time = "2024-12-04T17:35:28.174Z" }
wheels = [
    { url = "https://files.pythonhosted.org/packages/b7/ce/149a00dd41f10bc29e5921b496af8b574d8413afcd5e30dfa0ed46c2cc5e/six-1.17.0-py2.py3-none-any.whl", hash = "sha256:4721f391ed90541fddacab5acf947aa0d3dc7d27b2e1e8eda2be8970586c3274", size = 11050, upload-time = "2024-12-04T17:35:26.475Z" },
]

[[package]]
name = "statsmodels"
version = "0.14.1"
source = { registry = "https://pypi.org/simple" }
dependencies = [
    { name = "numpy" },
    { name = "packaging" },
    { name = "pandas" },
    { name = "patsy" },
    { name = "scipy" },
]
sdist = { url = "https://files.pythonhosted.org/packages/4b/80/c4e279a6a13468ae2f1f01af2a07ddb44f397ac4d7636af13c5b3b83dde1/statsmodels-0.14.1.tar.gz", hash = "sha256:2260efdc1ef89f39c670a0bd8151b1d0843567781bcafec6cda0534eb47a94f6", size = 20309647, upload-time = "2023-12-14T14:54:40.831Z" }
wheels = [
    { url = "https://files.pythonhosted.org/packages/45/f6/6e8ccfb97d8b26d7c66099579341ea129cdd3eefca526a5efd27cff93119/statsmodels-0.14.1-cp39-cp39-macosx_10_9_x86_64.whl", hash = "sha256:04293890f153ffe577e60a227bd43babd5f6c1fc50ea56a3ab1862ae85247a95", size = 10565359, upload-time = "2023-12-14T20:27:23.758Z" },
    { url = "https://files.pythonhosted.org/packages/a3/c2/e93a8ab96817c639eb89914185106cd8666360b993a97c1056e1d481f768/statsmodels-0.14.1-cp39-cp39-macosx_11_0_arm64.whl", hash = "sha256:3e70a2e93d54d40b2cb6426072acbc04f35501b1ea2569f6786964adde6ca572", size = 10125866, upload-time = "2023-12-14T20:27:35.475Z" },
    { url = "https://files.pythonhosted.org/packages/39/5f/141474a7c6e431f9ab37436dc52a75bc07bc36eab551c6f1e1b6cf858a02/statsmodels-0.14.1-cp39-cp39-manylinux_2_17_aarch64.manylinux2014_aarch64.whl", hash = "sha256:ab3a73d16c0569adbba181ebb967e5baaa74935f6d2efe86ac6fc5857449b07d", size = 10490672, upload-time = "2023-12-14T20:27:47.527Z" },
    { url = "https://files.pythonhosted.org/packages/a9/70/ead31bc6c1592a5237190994cc7023c7a2b79be287d0b3eb883a48019db0/statsmodels-0.14.1-cp39-cp39-manylinux_2_17_x86_64.manylinux2014_x86_64.whl", hash = "sha256:eefa5bcff335440ee93e28745eab63559a20cd34eea0375c66d96b016de909b3", size = 10840978, upload-time = "2023-12-14T20:27:59.625Z" },
    { url = "https://files.pythonhosted.org/packages/71/ba/671589067df73eb2904f77766d4f966043fa503276dd100092c1009648c5/statsmodels-0.14.1-cp39-cp39-win_amd64.whl", hash = "sha256:bc43765710099ca6a942b5ffa1bac7668965052542ba793dd072d26c83453572", size = 10019312, upload-time = "2023-12-14T20:28:15.123Z" },
]

[[package]]
name = "threadpoolctl"
version = "3.6.0"
source = { registry = "https://pypi.org/simple" }
sdist = { url = "https://files.pythonhosted.org/packages/b7/4d/08c89e34946fce2aec4fbb45c9016efd5f4d7f24af8e5d93296e935631d8/threadpoolctl-3.6.0.tar.gz", hash = "sha256:8ab8b4aa3491d812b623328249fab5302a68d2d71745c8a4c719a2fcaba9f44e", size = 21274, upload-time = "2025-03-13T13:49:23.031Z" }
wheels = [
    { url = "https://files.pythonhosted.org/packages/32/d5/f9a850d79b0851d1d4ef6456097579a9005b31fea68726a4ae5f2d82ddd9/threadpoolctl-3.6.0-py3-none-any.whl", hash = "sha256:43a0b8fd5a2928500110039e43a5eed8480b918967083ea48dc3ab9f13c4a7fb", size = 18638, upload-time = "2025-03-13T13:49:21.846Z" },
]

[[package]]
name = "tomli"
version = "2.4.1"
source = { registry = "https://pypi.org/simple" }
sdist = { url = "https://files.pythonhosted.org/packages/22/de/48c59722572767841493b26183a0d1cc411d54fd759c5607c4590b6563a6/tomli-2.4.1.tar.gz", hash = "sha256:7c7e1a961a0b2f2472c1ac5b69affa0ae1132c39adcb67aba98568702b9cc23f", size = 17543, upload-time = "2026-03-25T20:22:03.828Z" }
wheels = [
    { url = "https://files.pythonhosted.org/packages/7b/61/cceae43728b7de99d9b847560c262873a1f6c98202171fd5ed62640b494b/tomli-2.4.1-py3-none-any.whl", hash = "sha256:0d85819802132122da43cb86656f8d1f8c6587d54ae7dcaf30e90533028b49fe", size = 14583, upload-time = "2026-03-25T20:22:03.012Z" },
]

[[package]]
name = "tqdm"
version = "4.70.0"
source = { registry = "https://pypi.org/simple" }
dependencies = [
    { name = "colorama", marker = "sys_platform == 'win32'" },
]
sdist = { url = "https://files.pythonhosted.org/packages/21/3b/6c24bec5be5e743ffd99576daa5cc077722fc7d5bbc00bd133fa0c698dc6/tqdm-4.70.0.tar.gz", hash = "sha256:55b0b0dbd97462d06ebee91e4dac24ed4d4702be82b24f07e6c1d27e08cea220", size = 795438, upload-time = "2026-07-27T11:33:15.271Z" }
wheels = [
    { url = "https://files.pythonhosted.org/packages/f9/1c/01bfd571a64e7f270e6bab5e33777debe0edc56759233ce84f27dec92d14/tqdm-4.70.0-py3-none-any.whl", hash = "sha256:7f585706bfddbdebf89daac705b2dfcc16890130727d3197ca62c732b4310953", size = 80184, upload-time = "2026-07-27T11:33:13.167Z" },
]

[[package]]
name = "typer"
version = "0.23.2"
source = { registry = "https://pypi.org/simple" }
dependencies = [
    { name = "annotated-doc" },
    { name = "click" },
    { name = "rich" },
    { name = "shellingham" },
]
sdist = { url = "https://files.pythonhosted.org/packages/d3/ae/93d16574e66dfe4c2284ffdaca4b0320ade32858cb2cc586c8dd79f127c5/typer-0.23.2.tar.gz", hash = "sha256:a99706a08e54f1aef8bb6a8611503808188a4092808e86addff1828a208af0de", size = 120162, upload-time = "2026-02-16T18:52:40.354Z" }
wheels = [
    { url = "https://files.pythonhosted.org/packages/14/2c/dee705c427875402200fe779eb8a3c00ccb349471172c41178336e9599cc/typer-0.23.2-py3-none-any.whl", hash = "sha256:e9c8dc380f82450b3c851a9b9d5a0edf95d1d6456ae70c517d8b06a50c7a9978", size = 56834, upload-time = "2026-02-16T18:52:39.308Z" },
]

[[package]]
name = "typing-extensions"
version = "4.16.0"
source = { registry = "https://pypi.org/simple" }
sdist = { url = "https://files.pythonhosted.org/packages/f6/cc/6253133b5bb138fc3306cebfbda2c520f545d36b5be2c7255cc528bb45d6/typing_extensions-4.16.0.tar.gz", hash = "sha256:dc983d19a509c94dba722ee6abd33940f7c05a89e243c47e907eb4db6f1a43e5", size = 113555, upload-time = "2026-07-02T08:40:05.92Z" }
wheels = [
    { url = "https://files.pythonhosted.org/packages/49/d3/b8441a820a491ddfc024b0b0cf0393375b75ea13866d9c66727e54c2fc80/typing_extensions-4.16.0-py3-none-any.whl", hash = "sha256:481caa481374e813c1b176ada14e97f1f67a4539ce9cfeb3f350d78d6370c2e8", size = 45571, upload-time = "2026-07-02T08:40:04.659Z" },
]

[[package]]
name = "win32-setctime"
version = "1.2.0"
source = { registry = "https://pypi.org/simple" }
sdist = { url = "https://files.pythonhosted.org/packages/b3/8f/705086c9d734d3b663af0e9bb3d4de6578d08f46b1b101c2442fd9aecaa2/win32_setctime-1.2.0.tar.gz", hash = "sha256:ae1fdf948f5640aae05c511ade119313fb6a30d7eabe25fef9764dca5873c4c0", size = 4867, upload-time = "2024-12-07T15:28:28.314Z" }
wheels = [
    { url = "https://files.pythonhosted.org/packages/e1/07/c6fe3ad3e685340704d314d765b7912993bcb8dc198f0e7a89382d37974b/win32_setctime-1.2.0-py3-none-any.whl", hash = "sha256:95d644c4e708aba81dc3704a116d8cbc974d70b3bdb8be1d150e36be6e9d1390", size = 4083, upload-time = "2024-12-07T15:28:26.465Z" },
]

[[package]]
name = "xgboost"
version = "1.5.0"
source = { registry = "https://pypi.org/simple" }
dependencies = [
    { name = "numpy" },
    { name = "scipy" },
]
sdist = { url = "https://files.pythonhosted.org/packages/15/70/7308768fdd4a35477efb01098ffd426e455b600837ed0dd70c3293cd3e03/xgboost-1.5.0.tar.gz", hash = "sha256:6b7c34a18474c1b73b5c6dcf1231f5fe102d6f26490a65465e3879048bf1f3d4", size = 728432, upload-time = "2021-10-17T17:28:56.474Z" }
wheels = [
    { url = "https://files.pythonhosted.org/packages/9e/0d/376d5491ba5f06c6224304d572e1131521115d423a6c6dc347e85129c55c/xgboost-1.5.0-py3-none-macosx_10_14_x86_64.macosx_10_15_x86_64.macosx_11_0_x86_64.whl", hash = "sha256:ae122406c2c1d2a407c18a49c2a05f9bbbaa3249fd39e91c11cb223d538dba4e", size = 1278022, upload-time = "2021-10-17T17:15:49.652Z" },
    { url = "https://files.pythonhosted.org/packages/dd/e2/43d1d96344d8733bbebde084bbf95ef8f2a3aab9f8d3779c3ee381754514/xgboost-1.5.0-py3-none-manylinux2014_aarch64.whl", hash = "sha256:ebe36ee21516a37f645bcd1f3ca1247485fe77d96f1c3d605f970c469b6a9015", size = 2220065, upload-time = "2021-10-17T17:17:40.15Z" },
    { url = "https://files.pythonhosted.org/packages/a7/c9/4968ca0434c313aed71fc4cc2339aa8844482d5eefdcc8989c985a19ea2e/xgboost-1.5.0-py3-none-manylinux2014_x86_64.whl", hash = "sha256:edaad84317a53671069b4477152915c25b4121d997bfa531711f0a18ba1402fe", size = 173504489, upload-time = "2021-10-17T17:27:21.43Z" },
    { url = "https://files.pythonhosted.org/packages/a2/8a/dbfcab37ea93951fa85e5746de0fc7378b2a4c99a32ddad36a7fb504ed57/xgboost-1.5.0-py3-none-win_amd64.whl", hash = "sha256:9502a9ed5c52669c83207380eeaaa3862cbf38b271040c6d5226914e07cf196c", size = 106585820, upload-time = "2021-10-17T17:28:29.444Z" },
]
